<?xml version="1.0" encoding="UTF-8"?>
<Scheme
   LastUpgradeVersion = "1000"
   version = "1.3">
   <BuildAction
      parallelizeBuildables = "YES"
      buildImplicitDependencies = "YES">
      <BuildActionEntries>
         <BuildActionEntry
            buildForTesting = "YES"
            buildForRunning = "YES"
            buildForProfiling = "YES"
            buildForArchiving = "YES"
            buildForAnalyzing = "YES">
            <BuildableReference
               BuildableIdentifier = "primary"
               BlueprintIdentifier = "2EEB5E31215E61DD0039B79B"
               BuildableName = "RealDeviceMap-UIControl.app"
               BlueprintName = "RealDeviceMap-UIControl"
               ReferencedContainer = "container:RealDeviceMap-UIControl.xcodeproj">
            </BuildableReference>
         </BuildActionEntry>
      </BuildActionEntries>
   </BuildAction>
   <TestAction
      buildConfiguration = "Release"
      selectedDebuggerIdentifier = "Xcode.DebuggerFoundation.Debugger.LLDB"
      selectedLauncherIdentifier = "Xcode.DebuggerFoundation.Launcher.LLDB"
      systemAttachmentLifetime = "keepNever"
      shouldUseLaunchSchemeArgsEnv = "YES">
      <Testables>
         <TestableReference
            skipped = "NO">
            <BuildableReference
               BuildableIdentifier = "primary"
               BlueprintIdentifier = "2EEB5E45215E61DF0039B79B"
               BuildableName = "RealDeviceMap-UIControlUITests.xctest"
               BlueprintName = "RealDeviceMap-UIControlUITests"
               ReferencedContainer = "container:RealDeviceMap-UIControl.xcodeproj">
            </BuildableReference>
         </TestableReference>
      </Testables>
      <MacroExpansion>
         <BuildableReference
            BuildableIdentifier = "primary"
            BlueprintIdentifier = "2EEB5E31215E61DD0039B79B"
            BuildableName = "RealDeviceMap-UIControl.app"
            BlueprintName = "RealDeviceMap-UIControl"
            ReferencedContainer = "container:RealDeviceMap-UIControl.xcodeproj">
         </BuildableReference>
      </MacroExpansion>
      <AdditionalOptions>
      </AdditionalOptions>
   </TestAction>
   <LaunchAction
      buildConfiguration = "Debug"
      selectedDebuggerIdentifier = "Xcode.DebuggerFoundation.Debugger.LLDB"
      selectedLauncherIdentifier = "Xcode.DebuggerFoundation.Launcher.LLDB"
      launchStyle = "0"
      useCustomWorkingDirectory = "NO"
      ignoresPersistentStateOnLaunch = "NO"
      debugDocumentVersioning = "YES"
      debugServiceExtension = "internal"
      allowLocationSimulation = "YES">
      <BuildableProductRunnable
         runnableDebuggingMode = "0">
         <BuildableReference
            BuildableIdentifier = "primary"
            BlueprintIdentifier = "2EEB5E31215E61DD0039B79B"
            BuildableName = "RealDeviceMap-UIControl.app"
            BlueprintName = "RealDeviceMap-UIControl"
            ReferencedContainer = "container:RealDeviceMap-UIControl.xcodeproj">
         </BuildableReference>
      </BuildableProductRunnable>
      <EnvironmentVariables>
         <EnvironmentVariable
            key = "name"
            value = "$(name)"
            isEnabled = "YES">
         </EnvironmentVariable>
         <EnvironmentVariable
            key = "fastIV"
            value = "$(fastIV)"
            isEnabled = "YES">
         </EnvironmentVariable>
         <EnvironmentVariable
            key = "backendURL"
            value = "$(backendURL)"
            isEnabled = "YES">
         </EnvironmentVariable>
         <EnvironmentVariable
            key = "enableAccountManager"
            value = "$(enableAccountManager)"
            isEnabled = "YES">
         </EnvironmentVariable>
         <EnvironmentVariable
            key = "port"
            value = "$(port)"
            isEnabled = "YES">
         </EnvironmentVariable>
         <EnvironmentVariable
            key = "pokemonMaxTime"
            value = "$(pokemonMaxTime)"
            isEnabled = "YES">
         </EnvironmentVariable>
         <EnvironmentVariable
            key = "raidMaxTime"
            value = "$(raidMaxTime)"
            isEnabled = "YES">
         </EnvironmentVariable>
         <EnvironmentVariable
            key = "maxWarningTimeRaid"
            value = "$(maxWarningTimeRaid)"
            isEnabled = "YES">
         </EnvironmentVariable>
         <EnvironmentVariable
            key = "delayMultiplier"
            value = "$(delayMultiplier)"
            isEnabled = "YES">
         </EnvironmentVariable>
         <EnvironmentVariable
            key = "jitterValue"
            value = "$(jitterValue)"
            isEnabled = "YES">
         </EnvironmentVariable>
         <EnvironmentVariable
            key = "targetMaxDistance"
            value = "$(targetMaxDistance)"
            isEnabled = "YES">
         </EnvironmentVariable>
         <EnvironmentVariable
            key = "itemFullCount"
            value = "$(itemFullCount)"
            isEnabled = "YES">
         </EnvironmentVariable>
         <EnvironmentVariable
            key = "questFullCount"
            value = "$(questFullCount)"
            isEnabled = "YES">
         </EnvironmentVariable>
         <EnvironmentVariable
            key = "itemsPerStop"
            value = "$(itemsPerStop)"
            isEnabled = "YES">
         </EnvironmentVariable>
         <EnvironmentVariable
            key = "minDelayLogout"
            value = "$(minDelayLogout)"
            isEnabled = "YES">
         </EnvironmentVariable>
         <EnvironmentVariable
            key = "maxNoQuestCount"
            value = "$(maxNoQuestCount)"
            isEnabled = "YES">
         </EnvironmentVariable>
         <EnvironmentVariable
            key = "maxFailedCount"
            value = "$(maxFailedCount)"
            isEnabled = "YES">
         </EnvironmentVariable>
         <EnvironmentVariable
            key = "maxEmptyGMO"
            value = "$(maxEmptyGMO)"
            isEnabled = "YES">
         </EnvironmentVariable>
         <EnvironmentVariable
            key = "startupLocationLat"
            value = "$(startupLocationLat)"
            isEnabled = "YES">
         </EnvironmentVariable>
         <EnvironmentVariable
            key = "startupLocationLon"
            value = "$(startupLocationLon)"
            isEnabled = "YES">
         </EnvironmentVariable>
         <EnvironmentVariable
            key = "encounterMaxWait"
            value = "$(encounterMaxWait)"
            isEnabled = "YES">
         </EnvironmentVariable>
         <EnvironmentVariable
            key = "encounterDelay"
            value = "$(encounterDelay)"
            isEnabled = "YES">
         </EnvironmentVariable>
         <EnvironmentVariable
            key = "ultraIV"
            value = "$(ultraIV)"
            isEnabled = "YES">
         </EnvironmentVariable>
         <EnvironmentVariable
            key = "deployEggs"
            value = "$(deployEggs)"
            isEnabled = "YES">
         </EnvironmentVariable>
         <EnvironmentVariable
            key = "token"
            value = "$(token)"
            isEnabled = "YES">
         </EnvironmentVariable>
         <EnvironmentVariable
            key = "ultraQuests"
            value = "$(ultraQuests)"
            isEnabled = "YES">
         </EnvironmentVariable>
      </EnvironmentVariables>
      <AdditionalOptions>
      </AdditionalOptions>
   </LaunchAction>
   <ProfileAction
      buildConfiguration = "Release"
      shouldUseLaunchSchemeArgsEnv = "YES"
      savedToolIdentifier = ""
      useCustomWorkingDirectory = "NO"
      debugDocumentVersioning = "YES">
      <BuildableProductRunnable
         runnableDebuggingMode = "0">
         <BuildableReference
            BuildableIdentifier = "primary"
            BlueprintIdentifier = "2EEB5E31215E61DD0039B79B"
            BuildableName = "RealDeviceMap-UIControl.app"
            BlueprintName = "RealDeviceMap-UIControl"
            ReferencedContainer = "container:RealDeviceMap-UIControl.xcodeproj">
         </BuildableReference>
      </BuildableProductRunnable>
   </ProfileAction>
   <AnalyzeAction
      buildConfiguration = "Debug">
   </AnalyzeAction>
   <ArchiveAction
      buildConfiguration = "Release"
      revealArchiveInOrganizer = "YES">
   </ArchiveAction>
</Scheme>
